// !$*UTF8*$!
{
	archiveVersion = 1;
	classes = {
	};
	objectVersion = 51;
	objects = {

/* Begin PBXBuildFile section */
		EC18B3C326D78CEB00F130C2 /* AppDelegate.swift in Sources */ = {isa = PBXBuildFile; fileRef = EC18B3C226D78CEB00F130C2 /* AppDelegate.swift */; };
		EC18B3C526D78CEB00F130C2 /* SceneDelegate.swift in Sources */ = {isa = PBXBuildFile; fileRef = EC18B3C426D78CEB00F130C2 /* SceneDelegate.swift */; };
		EC18B3C726D78CEB00F130C2 /* MapViewController.swift in Sources */ = {isa = PBXBuildFile; fileRef = EC18B3C626D78CEB00F130C2 /* MapViewController.swift */; };
		EC18B3CA26D78CEB00F130C2 /* Map.storyboard in Resources */ = {isa = PBXBuildFile; fileRef = EC18B3C826D78CEB00F130C2 /* Map.storyboard */; };
		EC18B3CC26D78CEC00F130C2 /* Assets.xcassets in Resources */ = {isa = PBXBuildFile; fileRef = EC18B3CB26D78CEC00F130C2 /* Assets.xcassets */; };
		EC18B3CF26D78CEC00F130C2 /* LaunchScreen.storyboard in Resources */ = {isa = PBXBuildFile; fileRef = EC18B3CD26D78CEC00F130C2 /* LaunchScreen.storyboard */; };
		EC5E5E1326E0BD2E00693F47 /* LocationManager.swift in Sources */ = {isa = PBXBuildFile; fileRef = EC5E5E1226E0BD2E00693F47 /* LocationManager.swift */; };
		EC5E5E1626E0DA1900693F47 /* LoginViewModel.swift in Sources */ = {isa = PBXBuildFile; fileRef = EC5E5E1526E0DA1900693F47 /* LoginViewModel.swift */; };
		ECAD3C4826DD07060054243E /* RecoveryPasswordViewController.swift in Sources */ = {isa = PBXBuildFile; fileRef = ECAD3C4726DD07060054243E /* RecoveryPasswordViewController.swift */; };
		ECAD3C4D26DD09820054243E /* Main.storyboard in Resources */ = {isa = PBXBuildFile; fileRef = ECAD3C4C26DD09820054243E /* Main.storyboard */; };
		ECAD3C4F26DD09980054243E /* MainViewController.swift in Sources */ = {isa = PBXBuildFile; fileRef = ECAD3C4E26DD09980054243E /* MainViewController.swift */; };
		ECAD3C5126DD0D790054243E /* RegistrationViewController.swift in Sources */ = {isa = PBXBuildFile; fileRef = ECAD3C5026DD0D790054243E /* RegistrationViewController.swift */; };
		ECAD3C5B26DE2BAE0054243E /* StoryBoardExtention.swift in Sources */ = {isa = PBXBuildFile; fileRef = ECAD3C5A26DE2BAE0054243E /* StoryBoardExtention.swift */; };
		ECAD3C5F26DE35740054243E /* BaseRouter.swift in Sources */ = {isa = PBXBuildFile; fileRef = ECAD3C5E26DE35740054243E /* BaseRouter.swift */; };
		ECAD3C6226DE36220054243E /* MainRouter.swift in Sources */ = {isa = PBXBuildFile; fileRef = ECAD3C6126DE36220054243E /* MainRouter.swift */; };
		ECAD3C6526DE38710054243E /* FlowFactory.swift in Sources */ = {isa = PBXBuildFile; fileRef = ECAD3C6426DE38710054243E /* FlowFactory.swift */; };
		ECAD3C6826DE410F0054243E /* LoginRouter.swift in Sources */ = {isa = PBXBuildFile; fileRef = ECAD3C6726DE410F0054243E /* LoginRouter.swift */; };
		ECAD3C6A26DE517B0054243E /* RUser.swift in Sources */ = {isa = PBXBuildFile; fileRef = ECAD3C6926DE517B0054243E /* RUser.swift */; };
		ECAD3C6C26DE52CF0054243E /* RUserService.swift in Sources */ = {isa = PBXBuildFile; fileRef = ECAD3C6B26DE52CF0054243E /* RUserService.swift */; };
		ECAD3C6F26DE54C80054243E /* BaseError.swift in Sources */ = {isa = PBXBuildFile; fileRef = ECAD3C6E26DE54C80054243E /* BaseError.swift */; };
		ECAD3C7126DE5B780054243E /* RegistrationRouter.swift in Sources */ = {isa = PBXBuildFile; fileRef = ECAD3C7026DE5B780054243E /* RegistrationRouter.swift */; };
		ECC2C41526DD029D00C7578D /* Auth.storyboard in Resources */ = {isa = PBXBuildFile; fileRef = ECC2C41426DD029D00C7578D /* Auth.storyboard */; };
		ECC2C41726DD030E00C7578D /* LoginViewController.swift in Sources */ = {isa = PBXBuildFile; fileRef = ECC2C41626DD030E00C7578D /* LoginViewController.swift */; };
		ECCF2BB526DA670000940F3F /* RealmSetting.swift in Sources */ = {isa = PBXBuildFile; fileRef = ECCF2BB426DA670000940F3F /* RealmSetting.swift */; };
		ECCF2BB726DA680F00940F3F /* RPoint.swift in Sources */ = {isa = PBXBuildFile; fileRef = ECCF2BB626DA680F00940F3F /* RPoint.swift */; };
		ECCF2BBA26DA6B1000940F3F /* RPointService.swift in Sources */ = {isa = PBXBuildFile; fileRef = ECCF2BB926DA6B1000940F3F /* RPointService.swift */; };
		ECCF2BBD26DA795E00940F3F /* StatusTrackEnum.swift in Sources */ = {isa = PBXBuildFile; fileRef = ECCF2BBC26DA795E00940F3F /* StatusTrackEnum.swift */; };
		F6AB70CDDAA27338760BCC25 /* Pods_GBMaps.framework in Frameworks */ = {isa = PBXBuildFile; fileRef = 7D2EE3074C7AE13E93A061BD /* Pods_GBMaps.framework */; };
/* End PBXBuildFile section */

/* Begin PBXFileReference section */
		12845E602016A79FF8233EBC /* Pods-GBMaps.debug.xcconfig */ = {isa = PBXFileReference; includeInIndex = 1; lastKnownFileType = text.xcconfig; name = "Pods-GBMaps.debug.xcconfig"; path = "Target Support Files/Pods-GBMaps/Pods-GBMaps.debug.xcconfig"; sourceTree = "<group>"; };
		7D2EE3074C7AE13E93A061BD /* Pods_GBMaps.framework */ = {isa = PBXFileReference; explicitFileType = wrapper.framework; includeInIndex = 0; path = Pods_GBMaps.framework; sourceTree = BUILT_PRODUCTS_DIR; };
		DA27F8F04CB41AA0D0C4E482 /* Pods-GBMaps.release.xcconfig */ = {isa = PBXFileReference; includeInIndex = 1; lastKnownFileType = text.xcconfig; name = "Pods-GBMaps.release.xcconfig"; path = "Target Support Files/Pods-GBMaps/Pods-GBMaps.release.xcconfig"; sourceTree = "<group>"; };
		EC18B3BF26D78CEB00F130C2 /* GBMaps.app */ = {isa = PBXFileReference; explicitFileType = wrapper.application; includeInIndex = 0; path = GBMaps.app; sourceTree = BUILT_PRODUCTS_DIR; };
		EC18B3C226D78CEB00F130C2 /* AppDelegate.swift */ = {isa = PBXFileReference; lastKnownFileType = sourcecode.swift; path = AppDelegate.swift; sourceTree = "<group>"; };
		EC18B3C426D78CEB00F130C2 /* SceneDelegate.swift */ = {isa = PBXFileReference; lastKnownFileType = sourcecode.swift; path = SceneDelegate.swift; sourceTree = "<group>"; };
		EC18B3C626D78CEB00F130C2 /* MapViewController.swift */ = {isa = PBXFileReference; lastKnownFileType = sourcecode.swift; path = MapViewController.swift; sourceTree = "<group>"; };
		EC18B3C926D78CEB00F130C2 /* Base */ = {isa = PBXFileReference; lastKnownFileType = file.storyboard; name = Base; path = Base.lproj/Map.storyboard; sourceTree = "<group>"; };
		EC18B3CB26D78CEC00F130C2 /* Assets.xcassets */ = {isa = PBXFileReference; lastKnownFileType = folder.assetcatalog; path = Assets.xcassets; sourceTree = "<group>"; };
		EC18B3CE26D78CEC00F130C2 /* Base */ = {isa = PBXFileReference; lastKnownFileType = file.storyboard; name = Base; path = Base.lproj/LaunchScreen.storyboard; sourceTree = "<group>"; };
		EC18B3D026D78CEC00F130C2 /* Info.plist */ = {isa = PBXFileReference; lastKnownFileType = text.plist.xml; path = Info.plist; sourceTree = "<group>"; };
		EC5E5E1226E0BD2E00693F47 /* LocationManager.swift */ = {isa = PBXFileReference; lastKnownFileType = sourcecode.swift; path = LocationManager.swift; sourceTree = "<group>"; };
		EC5E5E1526E0DA1900693F47 /* LoginViewModel.swift */ = {isa = PBXFileReference; lastKnownFileType = sourcecode.swift; path = LoginViewModel.swift; sourceTree = "<group>"; };
		ECAD3C4726DD07060054243E /* RecoveryPasswordViewController.swift */ = {isa = PBXFileReference; lastKnownFileType = sourcecode.swift; path = RecoveryPasswordViewController.swift; sourceTree = "<group>"; };
		ECAD3C4C26DD09820054243E /* Main.storyboard */ = {isa = PBXFileReference; lastKnownFileType = file.storyboard; path = Main.storyboard; sourceTree = "<group>"; };
		ECAD3C4E26DD09980054243E /* MainViewController.swift */ = {isa = PBXFileReference; lastKnownFileType = sourcecode.swift; path = MainViewController.swift; sourceTree = "<group>"; };
		ECAD3C5026DD0D790054243E /* RegistrationViewController.swift */ = {isa = PBXFileReference; lastKnownFileType = sourcecode.swift; path = RegistrationViewController.swift; sourceTree = "<group>"; };
		ECAD3C5A26DE2BAE0054243E /* StoryBoardExtention.swift */ = {isa = PBXFileReference; lastKnownFileType = sourcecode.swift; path = StoryBoardExtention.swift; sourceTree = "<group>"; };
		ECAD3C5E26DE35740054243E /* BaseRouter.swift */ = {isa = PBXFileReference; lastKnownFileType = sourcecode.swift; path = BaseRouter.swift; sourceTree = "<group>"; };
		ECAD3C6126DE36220054243E /* MainRouter.swift */ = {isa = PBXFileReference; lastKnownFileType = sourcecode.swift; path = MainRouter.swift; sourceTree = "<group>"; };
		ECAD3C6426DE38710054243E /* FlowFactory.swift */ = {isa = PBXFileReference; fileEncoding = 4; lastKnownFileType = sourcecode.swift; path = FlowFactory.swift; sourceTree = "<group>"; };
		ECAD3C6726DE410F0054243E /* LoginRouter.swift */ = {isa = PBXFileReference; lastKnownFileType = sourcecode.swift; path = LoginRouter.swift; sourceTree = "<group>"; };
		ECAD3C6926DE517B0054243E /* RUser.swift */ = {isa = PBXFileReference; lastKnownFileType = sourcecode.swift; path = RUser.swift; sourceTree = "<group>"; };
		ECAD3C6B26DE52CF0054243E /* RUserService.swift */ = {isa = PBXFileReference; fileEncoding = 4; lastKnownFileType = sourcecode.swift; path = RUserService.swift; sourceTree = "<group>"; };
		ECAD3C6E26DE54C80054243E /* BaseError.swift */ = {isa = PBXFileReference; lastKnownFileType = sourcecode.swift; path = BaseError.swift; sourceTree = "<group>"; };
		ECAD3C7026DE5B780054243E /* RegistrationRouter.swift */ = {isa = PBXFileReference; lastKnownFileType = sourcecode.swift; path = RegistrationRouter.swift; sourceTree = "<group>"; };
		ECC2C41426DD029D00C7578D /* Auth.storyboard */ = {isa = PBXFileReference; lastKnownFileType = file.storyboard; path = Auth.storyboard; sourceTree = "<group>"; };
		ECC2C41626DD030E00C7578D /* LoginViewController.swift */ = {isa = PBXFileReference; lastKnownFileType = sourcecode.swift; path = LoginViewController.swift; sourceTree = "<group>"; };
		ECCF2BB426DA670000940F3F /* RealmSetting.swift */ = {isa = PBXFileReference; fileEncoding = 4; lastKnownFileType = sourcecode.swift; path = RealmSetting.swift; sourceTree = "<group>"; };
		ECCF2BB626DA680F00940F3F /* RPoint.swift */ = {isa = PBXFileReference; lastKnownFileType = sourcecode.swift; path = RPoint.swift; sourceTree = "<group>"; };
		ECCF2BB926DA6B1000940F3F /* RPointService.swift */ = {isa = PBXFileReference; lastKnownFileType = sourcecode.swift; path = RPointService.swift; sourceTree = "<group>"; };
		ECCF2BBC26DA795E00940F3F /* StatusTrackEnum.swift */ = {isa = PBXFileReference; lastKnownFileType = sourcecode.swift; path = StatusTrackEnum.swift; sourceTree = "<group>"; };
/* End PBXFileReference section */

/* Begin PBXFrameworksBuildPhase section */
		EC18B3BC26D78CEB00F130C2 /* Frameworks */ = {
			isa = PBXFrameworksBuildPhase;
			buildActionMask = 2147483647;
			files = (
				F6AB70CDDAA27338760BCC25 /* Pods_GBMaps.framework in Frameworks */,
			);
			runOnlyForDeploymentPostprocessing = 0;
		};
/* End PBXFrameworksBuildPhase section */

/* Begin PBXGroup section */
		B22AB6F056307844279539DD /* Pods */ = {
			isa = PBXGroup;
			children = (
				12845E602016A79FF8233EBC /* Pods-GBMaps.debug.xcconfig */,
				DA27F8F04CB41AA0D0C4E482 /* Pods-GBMaps.release.xcconfig */,
			);
			path = Pods;
			sourceTree = "<group>";
		};
		EC18B3B626D78CEB00F130C2 = {
			isa = PBXGroup;
			children = (
				EC18B3C126D78CEB00F130C2 /* GBMaps */,
				EC18B3C026D78CEB00F130C2 /* Products */,
				B22AB6F056307844279539DD /* Pods */,
				FC9585420B909289EC950F14 /* Frameworks */,
			);
			sourceTree = "<group>";
		};
		EC18B3C026D78CEB00F130C2 /* Products */ = {
			isa = PBXGroup;
			children = (
				EC18B3BF26D78CEB00F130C2 /* GBMaps.app */,
			);
			name = Products;
			sourceTree = "<group>";
		};
		EC18B3C126D78CEB00F130C2 /* GBMaps */ = {
			isa = PBXGroup;
			children = (
				ECCF2BAF26DA60B500940F3F /* Core */,
				EC18B3D626D78D3E00F130C2 /* App */,
				EC18B3C226D78CEB00F130C2 /* AppDelegate.swift */,
				EC18B3C426D78CEB00F130C2 /* SceneDelegate.swift */,
				EC18B3CB26D78CEC00F130C2 /* Assets.xcassets */,
				EC18B3CD26D78CEC00F130C2 /* LaunchScreen.storyboard */,
				EC18B3D026D78CEC00F130C2 /* Info.plist */,
			);
			path = GBMaps;
			sourceTree = "<group>";
		};
		EC18B3D626D78D3E00F130C2 /* App */ = {
			isa = PBXGroup;
			children = (
				EC18B3D726D78D4300F130C2 /* Flows */,
			);
			path = App;
			sourceTree = "<group>";
		};
		EC18B3D726D78D4300F130C2 /* Flows */ = {
			isa = PBXGroup;
			children = (
				ECAD3C4926DD09560054243E /* Main */,
				ECC2C41126DD026000C7578D /* Auth */,
				EC18B3D826D7C51400F130C2 /* Map */,
			);
			path = Flows;
			sourceTree = "<group>";
		};
		EC18B3D826D7C51400F130C2 /* Map */ = {
			isa = PBXGroup;
			children = (
				EC5E5E1126E0BD1D00693F47 /* Service */,
				EC18B3DA26D7C79500F130C2 /* Controller */,
				EC18B3D926D7C78E00F130C2 /* View */,
			);
			path = Map;
			sourceTree = "<group>";
		};
		EC18B3D926D7C78E00F130C2 /* View */ = {
			isa = PBXGroup;
			children = (
				EC18B3C826D78CEB00F130C2 /* Map.storyboard */,
			);
			path = View;
			sourceTree = "<group>";
		};
		EC18B3DA26D7C79500F130C2 /* Controller */ = {
			isa = PBXGroup;
			children = (
				EC18B3C626D78CEB00F130C2 /* MapViewController.swift */,
			);
			path = Controller;
			sourceTree = "<group>";
		};
		EC5E5E1126E0BD1D00693F47 /* Service */ = {
			isa = PBXGroup;
			children = (
				EC5E5E1226E0BD2E00693F47 /* LocationManager.swift */,
			);
			path = Service;
			sourceTree = "<group>";
		};
		EC5E5E1426E0D98800693F47 /* ViewModel */ = {
			isa = PBXGroup;
			children = (
				EC5E5E1526E0DA1900693F47 /* LoginViewModel.swift */,
			);
			path = ViewModel;
			sourceTree = "<group>";
		};
		ECAD3C4926DD09560054243E /* Main */ = {
			isa = PBXGroup;
			children = (
				ECAD3C6026DE36120054243E /* Router */,
				ECAD3C4B26DD09720054243E /* Controller */,
				ECAD3C4A26DD096C0054243E /* View */,
			);
			path = Main;
			sourceTree = "<group>";
		};
		ECAD3C4A26DD096C0054243E /* View */ = {
			isa = PBXGroup;
			children = (
				ECAD3C4C26DD09820054243E /* Main.storyboard */,
			);
			path = View;
			sourceTree = "<group>";
		};
		ECAD3C4B26DD09720054243E /* Controller */ = {
			isa = PBXGroup;
			children = (
				ECAD3C4E26DD09980054243E /* MainViewController.swift */,
			);
			path = Controller;
			sourceTree = "<group>";
		};
		ECAD3C5926DE2AC60054243E /* Extention */ = {
			isa = PBXGroup;
			children = (
				ECAD3C5A26DE2BAE0054243E /* StoryBoardExtention.swift */,
			);
			path = Extention;
			sourceTree = "<group>";
		};
		ECAD3C5C26DE2CD10054243E /* Base */ = {
			isa = PBXGroup;
			children = (
				ECAD3C6D26DE54B20054243E /* Error */,
				ECAD3C6326DE38410054243E /* Factory */,
				ECAD3C5D26DE2CD60054243E /* Router */,
			);
			path = Base;
			sourceTree = "<group>";
		};
		ECAD3C5D26DE2CD60054243E /* Router */ = {
			isa = PBXGroup;
			children = (
				ECAD3C5E26DE35740054243E /* BaseRouter.swift */,
			);
			path = Router;
			sourceTree = "<group>";
		};
		ECAD3C6026DE36120054243E /* Router */ = {
			isa = PBXGroup;
			children = (
				ECAD3C6126DE36220054243E /* MainRouter.swift */,
			);
			path = Router;
			sourceTree = "<group>";
		};
		ECAD3C6326DE38410054243E /* Factory */ = {
			isa = PBXGroup;
			children = (
				ECAD3C6426DE38710054243E /* FlowFactory.swift */,
			);
			path = Factory;
			sourceTree = "<group>";
		};
		ECAD3C6626DE40FD0054243E /* Router */ = {
			isa = PBXGroup;
			children = (
				ECAD3C6726DE410F0054243E /* LoginRouter.swift */,
				ECAD3C7026DE5B780054243E /* RegistrationRouter.swift */,
			);
			path = Router;
			sourceTree = "<group>";
		};
		ECAD3C6D26DE54B20054243E /* Error */ = {
			isa = PBXGroup;
			children = (
				ECAD3C6E26DE54C80054243E /* BaseError.swift */,
			);
			path = Error;
			sourceTree = "<group>";
		};
		ECC2C41126DD026000C7578D /* Auth */ = {
			isa = PBXGroup;
			children = (
				EC5E5E1426E0D98800693F47 /* ViewModel */,
				ECAD3C6626DE40FD0054243E /* Router */,
				ECC2C41326DD026D00C7578D /* Controller */,
				ECC2C41226DD026700C7578D /* View */,
			);
			path = Auth;
			sourceTree = "<group>";
		};
		ECC2C41226DD026700C7578D /* View */ = {
			isa = PBXGroup;
			children = (
				ECC2C41426DD029D00C7578D /* Auth.storyboard */,
			);
			path = View;
			sourceTree = "<group>";
		};
		ECC2C41326DD026D00C7578D /* Controller */ = {
			isa = PBXGroup;
			children = (
				ECC2C41626DD030E00C7578D /* LoginViewController.swift */,
				ECAD3C4726DD07060054243E /* RecoveryPasswordViewController.swift */,
				ECAD3C5026DD0D790054243E /* RegistrationViewController.swift */,
			);
			path = Controller;
			sourceTree = "<group>";
		};
		ECCF2BAF26DA60B500940F3F /* Core */ = {
			isa = PBXGroup;
			children = (
				ECAD3C5C26DE2CD10054243E /* Base */,
				ECAD3C5926DE2AC60054243E /* Extention */,
				ECCF2BBB26DA794500940F3F /* Setting */,
				ECCF2BB026DA60BE00940F3F /* DB */,
			);
			path = Core;
			sourceTree = "<group>";
		};
		ECCF2BB026DA60BE00940F3F /* DB */ = {
			isa = PBXGroup;
			children = (
				ECCF2BB426DA670000940F3F /* RealmSetting.swift */,
				ECCF2BB826DA6AF400940F3F /* Point */,
			);
			path = DB;
			sourceTree = "<group>";
		};
		ECCF2BB226DA654A00940F3F /* Model */ = {
			isa = PBXGroup;
			children = (
				ECCF2BB626DA680F00940F3F /* RPoint.swift */,
				ECAD3C6926DE517B0054243E /* RUser.swift */,
			);
			path = Model;
			sourceTree = "<group>";
		};
		ECCF2BB326DA655500940F3F /* Service */ = {
			isa = PBXGroup;
			children = (
				ECAD3C6B26DE52CF0054243E /* RUserService.swift */,
				ECCF2BB926DA6B1000940F3F /* RPointService.swift */,
			);
			path = Service;
			sourceTree = "<group>";
		};
		ECCF2BB826DA6AF400940F3F /* Point */ = {
			isa = PBXGroup;
			children = (
				ECCF2BB226DA654A00940F3F /* Model */,
				ECCF2BB326DA655500940F3F /* Service */,
			);
			path = Point;
			sourceTree = "<group>";
		};
		ECCF2BBB26DA794500940F3F /* Setting */ = {
			isa = PBXGroup;
			children = (
				ECCF2BBC26DA795E00940F3F /* StatusTrackEnum.swift */,
			);
			path = Setting;
			sourceTree = "<group>";
		};
		FC9585420B909289EC950F14 /* Frameworks */ = {
			isa = PBXGroup;
			children = (
				7D2EE3074C7AE13E93A061BD /* Pods_GBMaps.framework */,
			);
			name = Frameworks;
			sourceTree = "<group>";
		};
/* End PBXGroup section */

/* Begin PBXNativeTarget section */
		EC18B3BE26D78CEB00F130C2 /* GBMaps */ = {
			isa = PBXNativeTarget;
			buildConfigurationList = EC18B3D326D78CEC00F130C2 /* Build configuration list for PBXNativeTarget "GBMaps" */;
			buildPhases = (
				D2A5A190C752C0A6FD2A8CC4 /* [CP] Check Pods Manifest.lock */,
				EC18B3BB26D78CEB00F130C2 /* Sources */,
				EC18B3BC26D78CEB00F130C2 /* Frameworks */,
				EC18B3BD26D78CEB00F130C2 /* Resources */,
				A551FF058B8013AB2D184164 /* [CP] Copy Pods Resources */,
				6D938487C8970959C491AFF7 /* [CP] Embed Pods Frameworks */,
			);
			buildRules = (
			);
			dependencies = (
			);
			name = GBMaps;
			productName = GBMaps;
			productReference = EC18B3BF26D78CEB00F130C2 /* GBMaps.app */;
			productType = "com.apple.product-type.application";
		};
/* End PBXNativeTarget section */

/* Begin PBXProject section */
		EC18B3B726D78CEB00F130C2 /* Project object */ = {
			isa = PBXProject;
			attributes = {
				LastSwiftUpdateCheck = 1250;
				LastUpgradeCheck = 1250;
				TargetAttributes = {
					EC18B3BE26D78CEB00F130C2 = {
						CreatedOnToolsVersion = 12.5.1;
					};
				};
			};
			buildConfigurationList = EC18B3BA26D78CEB00F130C2 /* Build configuration list for PBXProject "GBMaps" */;
			compatibilityVersion = "Xcode 9.3";
			developmentRegion = en;
			hasScannedForEncodings = 0;
			knownRegions = (
				en,
				Base,
			);
			mainGroup = EC18B3B626D78CEB00F130C2;
			productRefGroup = EC18B3C026D78CEB00F130C2 /* Products */;
			projectDirPath = "";
			projectRoot = "";
			targets = (
				EC18B3BE26D78CEB00F130C2 /* GBMaps */,
			);
		};
/* End PBXProject section */

/* Begin PBXResourcesBuildPhase section */
		EC18B3BD26D78CEB00F130C2 /* Resources */ = {
			isa = PBXResourcesBuildPhase;
			buildActionMask = 2147483647;
			files = (
				ECC2C41526DD029D00C7578D /* Auth.storyboard in Resources */,
				ECAD3C4D26DD09820054243E /* Main.storyboard in Resources */,
				EC18B3CF26D78CEC00F130C2 /* LaunchScreen.storyboard in Resources */,
				EC18B3CC26D78CEC00F130C2 /* Assets.xcassets in Resources */,
				EC18B3CA26D78CEB00F130C2 /* Map.storyboard in Resources */,
			);
			runOnlyForDeploymentPostprocessing = 0;
		};
/* End PBXResourcesBuildPhase section */

/* Begin PBXShellScriptBuildPhase section */
		6D938487C8970959C491AFF7 /* [CP] Embed Pods Frameworks */ = {
			isa = PBXShellScriptBuildPhase;
			buildActionMask = 2147483647;
			files = (
			);
			inputFileListPaths = (
				"${PODS_ROOT}/Target Support Files/Pods-GBMaps/Pods-GBMaps-frameworks-${CONFIGURATION}-input-files.xcfilelist",
			);
			name = "[CP] Embed Pods Frameworks";
			outputFileListPaths = (
				"${PODS_ROOT}/Target Support Files/Pods-GBMaps/Pods-GBMaps-frameworks-${CONFIGURATION}-output-files.xcfilelist",
			);
			runOnlyForDeploymentPostprocessing = 0;
			shellPath = /bin/sh;
			shellScript = "\"${PODS_ROOT}/Target Support Files/Pods-GBMaps/Pods-GBMaps-frameworks.sh\"\n";
			showEnvVarsInLog = 0;
		};
		A551FF058B8013AB2D184164 /* [CP] Copy Pods Resources */ = {
			isa = PBXShellScriptBuildPhase;
			buildActionMask = 2147483647;
			files = (
			);
			inputFileListPaths = (
				"${PODS_ROOT}/Target Support Files/Pods-GBMaps/Pods-GBMaps-resources-${CONFIGURATION}-input-files.xcfilelist",
			);
			name = "[CP] Copy Pods Resources";
			outputFileListPaths = (
				"${PODS_ROOT}/Target Support Files/Pods-GBMaps/Pods-GBMaps-resources-${CONFIGURATION}-output-files.xcfilelist",
			);
			runOnlyForDeploymentPostprocessing = 0;
			shellPath = /bin/sh;
			shellScript = "\"${PODS_ROOT}/Target Support Files/Pods-GBMaps/Pods-GBMaps-resources.sh\"\n";
			showEnvVarsInLog = 0;
		};
		D2A5A190C752C0A6FD2A8CC4 /* [CP] Check Pods Manifest.lock */ = {
			isa = PBXShellScriptBuildPhase;
			buildActionMask = 2147483647;
			files = (
			);
			inputFileListPaths = (
			);
			inputPaths = (
				"${PODS_PODFILE_DIR_PATH}/Podfile.lock",
				"${PODS_ROOT}/Manifest.lock",
			);
			name = "[CP] Check Pods Manifest.lock";
			outputFileListPaths = (
			);
			outputPaths = (
				"$(DERIVED_FILE_DIR)/Pods-GBMaps-checkManifestLockResult.txt",
			);
			runOnlyForDeploymentPostprocessing = 0;
			shellPath = /bin/sh;
			shellScript = "diff \"${PODS_PODFILE_DIR_PATH}/Podfile.lock\" \"${PODS_ROOT}/Manifest.lock\" > /dev/null\nif [ $? != 0 ] ; then\n    # print error to STDERR\n    echo \"error: The sandbox is not in sync with the Podfile.lock. Run 'pod install' or update your CocoaPods installation.\" >&2\n    exit 1\nfi\n# This output is used by Xcode 'outputs' to avoid re-running this script phase.\necho \"SUCCESS\" > \"${SCRIPT_OUTPUT_FILE_0}\"\n";
			showEnvVarsInLog = 0;
		};
/* End PBXShellScriptBuildPhase section */

/* Begin PBXSourcesBuildPhase section */
		EC18B3BB26D78CEB00F130C2 /* Sources */ = {
			isa = PBXSourcesBuildPhase;
			buildActionMask = 2147483647;
			files = (
				ECCF2BB526DA670000940F3F /* RealmSetting.swift in Sources */,
				ECAD3C6226DE36220054243E /* MainRouter.swift in Sources */,
				EC5E5E1626E0DA1900693F47 /* LoginViewModel.swift in Sources */,
				ECCF2BBD26DA795E00940F3F /* StatusTrackEnum.swift in Sources */,
				ECCF2BBA26DA6B1000940F3F /* RPointService.swift in Sources */,
				ECAD3C6F26DE54C80054243E /* BaseError.swift in Sources */,
				ECAD3C5126DD0D790054243E /* RegistrationViewController.swift in Sources */,
				ECAD3C6526DE38710054243E /* FlowFactory.swift in Sources */,
				ECAD3C6826DE410F0054243E /* LoginRouter.swift in Sources */,
				ECAD3C6C26DE52CF0054243E /* RUserService.swift in Sources */,
				EC18B3C726D78CEB00F130C2 /* MapViewController.swift in Sources */,
				ECC2C41726DD030E00C7578D /* LoginViewController.swift in Sources */,
				EC18B3C326D78CEB00F130C2 /* AppDelegate.swift in Sources */,
				ECAD3C5F26DE35740054243E /* BaseRouter.swift in Sources */,
				ECAD3C6A26DE517B0054243E /* RUser.swift in Sources */,
				ECAD3C5B26DE2BAE0054243E /* StoryBoardExtention.swift in Sources */,
				EC18B3C526D78CEB00F130C2 /* SceneDelegate.swift in Sources */,
				ECAD3C4826DD07060054243E /* RecoveryPasswordViewController.swift in Sources */,
				EC5E5E1326E0BD2E00693F47 /* LocationManager.swift in Sources */,
				ECCF2BB726DA680F00940F3F /* RPoint.swift in Sources */,
				ECAD3C4F26DD09980054243E /* MainViewController.swift in Sources */,
				ECAD3C7126DE5B780054243E /* RegistrationRouter.swift in Sources */,
			);
			runOnlyForDeploymentPostprocessing = 0;
		};
/* End PBXSourcesBuildPhase section */

/* Begin PBXVariantGroup section */
		EC18B3C826D78CEB00F130C2 /* Map.storyboard */ = {
			isa = PBXVariantGroup;
			children = (
				EC18B3C926D78CEB00F130C2 /* Base */,
			);
			name = Map.storyboard;
			sourceTree = "<group>";
		};
		EC18B3CD26D78CEC00F130C2 /* LaunchScreen.storyboard */ = {
			isa = PBXVariantGroup;
			children = (
				EC18B3CE26D78CEC00F130C2 /* Base */,
			);
			name = LaunchScreen.storyboard;
			sourceTree = "<group>";
		};
/* End PBXVariantGroup section */

/* Begin XCBuildConfiguration section */
		EC18B3D126D78CEC00F130C2 /* Debug */ = {
			isa = XCBuildConfiguration;
			buildSettings = {
				ALWAYS_SEARCH_USER_PATHS = NO;
				CLANG_ANALYZER_NONNULL = YES;
				CLANG_ANALYZER_NUMBER_OBJECT_CONVERSION = YES_AGGRESSIVE;
				CLANG_CXX_LANGUAGE_STANDARD = "gnu++14";
				CLANG_CXX_LIBRARY = "libc++";
				CLANG_ENABLE_MODULES = YES;
				CLANG_ENABLE_OBJC_ARC = YES;
				CLANG_ENABLE_OBJC_WEAK = YES;
				CLANG_WARN_BLOCK_CAPTURE_AUTORELEASING = YES;
				CLANG_WARN_BOOL_CONVERSION = YES;
				CLANG_WARN_COMMA = YES;
				CLANG_WARN_CONSTANT_CONVERSION = YES;
				CLANG_WARN_DEPRECATED_OBJC_IMPLEMENTATIONS = YES;
				CLANG_WARN_DIRECT_OBJC_ISA_USAGE = YES_ERROR;
				CLANG_WARN_DOCUMENTATION_COMMENTS = YES;
				CLANG_WARN_EMPTY_BODY = YES;
				CLANG_WARN_ENUM_CONVERSION = YES;
				CLANG_WARN_INFINITE_RECURSION = YES;
				CLANG_WARN_INT_CONVERSION = YES;
				CLANG_WARN_NON_LITERAL_NULL_CONVERSION = YES;
				CLANG_WARN_OBJC_IMPLICIT_RETAIN_SELF = YES;
				CLANG_WARN_OBJC_LITERAL_CONVERSION = YES;
				CLANG_WARN_OBJC_ROOT_CLASS = YES_ERROR;
				CLANG_WARN_QUOTED_INCLUDE_IN_FRAMEWORK_HEADER = YES;
				CLANG_WARN_RANGE_LOOP_ANALYSIS = YES;
				CLANG_WARN_STRICT_PROTOTYPES = YES;
				CLANG_WARN_SUSPICIOUS_MOVE = YES;
				CLANG_WARN_UNGUARDED_AVAILABILITY = YES_AGGRESSIVE;
				CLANG_WARN_UNREACHABLE_CODE = YES;
				CLANG_WARN__DUPLICATE_METHOD_MATCH = YES;
				COPY_PHASE_STRIP = NO;
				DEBUG_INFORMATION_FORMAT = dwarf;
				ENABLE_STRICT_OBJC_MSGSEND = YES;
				ENABLE_TESTABILITY = YES;
				GCC_C_LANGUAGE_STANDARD = gnu11;
				GCC_DYNAMIC_NO_PIC = NO;
				GCC_NO_COMMON_BLOCKS = YES;
				GCC_OPTIMIZATION_LEVEL = 0;
				GCC_PREPROCESSOR_DEFINITIONS = (
					"DEBUG=1",
					"$(inherited)",
				);
				GCC_WARN_64_TO_32_BIT_CONVERSION = YES;
				GCC_WARN_ABOUT_RETURN_TYPE = YES_ERROR;
				GCC_WARN_UNDECLARED_SELECTOR = YES;
				GCC_WARN_UNINITIALIZED_AUTOS = YES_AGGRESSIVE;
				GCC_WARN_UNUSED_FUNCTION = YES;
				GCC_WARN_UNUSED_VARIABLE = YES;
				IPHONEOS_DEPLOYMENT_TARGET = 14.5;
				MTL_ENABLE_DEBUG_INFO = INCLUDE_SOURCE;
				MTL_FAST_MATH = YES;
				ONLY_ACTIVE_ARCH = YES;
				SDKROOT = iphoneos;
				SWIFT_ACTIVE_COMPILATION_CONDITIONS = DEBUG;
				SWIFT_OPTIMIZATION_LEVEL = "-Onone";
			};
			name = Debug;
		};
		EC18B3D226D78CEC00F130C2 /* Release */ = {
			isa = XCBuildConfiguration;
			buildSettings = {
				ALWAYS_SEARCH_USER_PATHS = NO;
				CLANG_ANALYZER_NONNULL = YES;
				CLANG_ANALYZER_NUMBER_OBJECT_CONVERSION = YES_AGGRESSIVE;
				CLANG_CXX_LANGUAGE_STANDARD = "gnu++14";
				CLANG_CXX_LIBRARY = "libc++";
				CLANG_ENABLE_MODULES = YES;
				CLANG_ENABLE_OBJC_ARC = YES;
				CLANG_ENABLE_OBJC_WEAK = YES;
				CLANG_WARN_BLOCK_CAPTURE_AUTORELEASING = YES;
				CLANG_WARN_BOOL_CONVERSION = YES;
				CLANG_WARN_COMMA = YES;
				CLANG_WARN_CONSTANT_CONVERSION = YES;
				CLANG_WARN_DEPRECATED_OBJC_IMPLEMENTATIONS = YES;
				CLANG_WARN_DIRECT_OBJC_ISA_USAGE = YES_ERROR;
				CLANG_WARN_DOCUMENTATION_COMMENTS = YES;
				CLANG_WARN_EMPTY_BODY = YES;
				CLANG_WARN_ENUM_CONVERSION = YES;
				CLANG_WARN_INFINITE_RECURSION = YES;
				CLANG_WARN_INT_CONVERSION = YES;
				CLANG_WARN_NON_LITERAL_NULL_CONVERSION = YES;
				CLANG_WARN_OBJC_IMPLICIT_RETAIN_SELF = YES;
				CLANG_WARN_OBJC_LITERAL_CONVERSION = YES;
				CLANG_WARN_OBJC_ROOT_CLASS = YES_ERROR;
				CLANG_WARN_QUOTED_INCLUDE_IN_FRAMEWORK_HEADER = YES;
				CLANG_WARN_RANGE_LOOP_ANALYSIS = YES;
				CLANG_WARN_STRICT_PROTOTYPES = YES;
				CLANG_WARN_SUSPICIOUS_MOVE = YES;
				CLANG_WARN_UNGUARDED_AVAILABILITY = YES_AGGRESSIVE;
				CLANG_WARN_UNREACHABLE_CODE = YES;
				CLANG_WARN__DUPLICATE_METHOD_MATCH = YES;
				COPY_PHASE_STRIP = NO;
				DEBUG_INFORMATION_FORMAT = "dwarf-with-dsym";
				ENABLE_NS_ASSERTIONS = NO;
				ENABLE_STRICT_OBJC_MSGSEND = YES;
				GCC_C_LANGUAGE_STANDARD = gnu11;
				GCC_NO_COMMON_BLOCKS = YES;
				GCC_WARN_64_TO_32_BIT_CONVERSION = YES;
				GCC_WARN_ABOUT_RETURN_TYPE = YES_ERROR;
				GCC_WARN_UNDECLARED_SELECTOR = YES;
				GCC_WARN_UNINITIALIZED_AUTOS = YES_AGGRESSIVE;
				GCC_WARN_UNUSED_FUNCTION = YES;
				GCC_WARN_UNUSED_VARIABLE = YES;
				IPHONEOS_DEPLOYMENT_TARGET = 14.5;
				MTL_ENABLE_DEBUG_INFO = NO;
				MTL_FAST_MATH = YES;
				SDKROOT = iphoneos;
				SWIFT_COMPILATION_MODE = wholemodule;
				SWIFT_OPTIMIZATION_LEVEL = "-O";
				VALIDATE_PRODUCT = YES;
			};
			name = Release;
		};
		EC18B3D426D78CEC00F130C2 /* Debug */ = {
			isa = XCBuildConfiguration;
			baseConfigurationReference = 12845E602016A79FF8233EBC /* Pods-GBMaps.debug.xcconfig */;
			buildSettings = {
				ASSETCATALOG_COMPILER_APPICON_NAME = AppIcon;
				ASSETCATALOG_COMPILER_GLOBAL_ACCENT_COLOR_NAME = AccentColor;
				CODE_SIGN_STYLE = Automatic;
				DEVELOPMENT_TEAM = R95MV6BG28;
				INFOPLIST_FILE = GBMaps/Info.plist;
				LD_RUNPATH_SEARCH_PATHS = (
					"$(inherited)",
					"@executable_path/Frameworks",
				);
				PRODUCT_BUNDLE_IDENTIFIER = test.GBMaps;
				PRODUCT_NAME = "$(TARGET_NAME)";
				SWIFT_VERSION = 5.0;
				TARGETED_DEVICE_FAMILY = "1,2";
			};
			name = Debug;
		};
		EC18B3D526D78CEC00F130C2 /* Release */ = {
			isa = XCBuildConfiguration;
			baseConfigurationReference = DA27F8F04CB41AA0D0C4E482 /* Pods-GBMaps.release.xcconfig */;
			buildSettings = {
				ASSETCATALOG_COMPILER_APPICON_NAME = AppIcon;
				ASSETCATALOG_COMPILER_GLOBAL_ACCENT_COLOR_NAME = AccentColor;
				CODE_SIGN_STYLE = Automatic;
				DEVELOPMENT_TEAM = R95MV6BG28;
				INFOPLIST_FILE = GBMaps/Info.plist;
				LD_RUNPATH_SEARCH_PATHS = (
					"$(inherited)",
					"@executable_path/Frameworks",
				);
				PRODUCT_BUNDLE_IDENTIFIER = test.GBMaps;
				PRODUCT_NAME = "$(TARGET_NAME)";
				SWIFT_VERSION = 5.0;
				TARGETED_DEVICE_FAMILY = "1,2";
			};
			name = Release;
		};
/* End XCBuildConfiguration section */

/* Begin XCConfigurationList section */
		EC18B3BA26D78CEB00F130C2 /* Build configuration list for PBXProject "GBMaps" */ = {
			isa = XCConfigurationList;
			buildConfigurations = (
				EC18B3D126D78CEC00F130C2 /* Debug */,
				EC18B3D226D78CEC00F130C2 /* Release */,
			);
			defaultConfigurationIsVisible = 0;
			defaultConfigurationName = Release;
		};
		EC18B3D326D78CEC00F130C2 /* Build configuration list for PBXNativeTarget "GBMaps" */ = {
			isa = XCConfigurationList;
			buildConfigurations = (
				EC18B3D426D78CEC00F130C2 /* Debug */,
				EC18B3D526D78CEC00F130C2 /* Release */,
			);
			defaultConfigurationIsVisible = 0;
			defaultConfigurationName = Release;
		};
/* End XCConfigurationList section */
	};
	rootObject = EC18B3B726D78CEB00F130C2 /* Project object */;
}
